// !$*UTF8*$!
{
	archiveVersion = 1;
	classes = {
	};
	objectVersion = 50;
	objects = {

/* Begin PBXBuildFile section */
		7E437234229FE0FA00FF7110 /* AppDelegate.m in Sources */ = {isa = PBXBuildFile; fileRef = 7E437233229FE0FA00FF7110 /* AppDelegate.m */; };
		7E437237229FE0FA00FF7110 /* ViewController.m in Sources */ = {isa = PBXBuildFile; fileRef = 7E437236229FE0FA00FF7110 /* ViewController.m */; };
		7E43723A229FE0FA00FF7110 /* Main.storyboard in Resources */ = {isa = PBXBuildFile; fileRef = 7E437238229FE0FA00FF7110 /* Main.storyboard */; };
		7E43723C229FE0FB00FF7110 /* Assets.xcassets in Resources */ = {isa = PBXBuildFile; fileRef = 7E43723B229FE0FB00FF7110 /* Assets.xcassets */; };
		7E43723F229FE0FB00FF7110 /* LaunchScreen.storyboard in Resources */ = {isa = PBXBuildFile; fileRef = 7E43723D229FE0FB00FF7110 /* LaunchScreen.storyboard */; };
		7E437242229FE0FB00FF7110 /* main.m in Sources */ = {isa = PBXBuildFile; fileRef = 7E437241229FE0FB00FF7110 /* main.m */; };
		7E43724E229FE66600FF7110 /* CTMediator+UUA.m in Sources */ = {isa = PBXBuildFile; fileRef = 7E43724D229FE66600FF7110 /* CTMediator+UUA.m */; };
		9EE4283A5067B74A15FE064F /* Pods_UUA_Category.framework in Frameworks */ = {isa = PBXBuildFile; fileRef = EFBA4B604083B8BD59F8ABAF /* Pods_UUA_Category.framework */; };
/* End PBXBuildFile section */

/* Begin PBXFileReference section */
		7E43722F229FE0FA00FF7110 /* UUA_Category.app */ = {isa = PBXFileReference; explicitFileType = wrapper.application; includeInIndex = 0; path = UUA_Category.app; sourceTree = BUILT_PRODUCTS_DIR; };
		7E437232229FE0FA00FF7110 /* AppDelegate.h */ = {isa = PBXFileReference; lastKnownFileType = sourcecode.c.h; path = AppDelegate.h; sourceTree = "<group>"; };
		7E437233229FE0FA00FF7110 /* AppDelegate.m */ = {isa = PBXFileReference; lastKnownFileType = sourcecode.c.objc; path = AppDelegate.m; sourceTree = "<group>"; };
		7E437235229FE0FA00FF7110 /* ViewController.h */ = {isa = PBXFileReference; lastKnownFileType = sourcecode.c.h; path = ViewController.h; sourceTree = "<group>"; };
		7E437236229FE0FA00FF7110 /* ViewController.m */ = {isa = PBXFileReference; lastKnownFileType = sourcecode.c.objc; path = ViewController.m; sourceTree = "<group>"; };
		7E437239229FE0FA00FF7110 /* Base */ = {isa = PBXFileReference; lastKnownFileType = file.storyboard; name = Base; path = Base.lproj/Main.storyboard; sourceTree = "<group>"; };
		7E43723B229FE0FB00FF7110 /* Assets.xcassets */ = {isa = PBXFileReference; lastKnownFileType = folder.assetcatalog; path = Assets.xcassets; sourceTree = "<group>"; };
		7E43723E229FE0FB00FF7110 /* Base */ = {isa = PBXFileReference; lastKnownFileType = file.storyboard; name = Base; path = Base.lproj/LaunchScreen.storyboard; sourceTree = "<group>"; };
		7E437240229FE0FB00FF7110 /* Info.plist */ = {isa = PBXFileReference; lastKnownFileType = text.plist.xml; path = Info.plist; sourceTree = "<group>"; };
		7E437241229FE0FB00FF7110 /* main.m */ = {isa = PBXFileReference; lastKnownFileType = sourcecode.c.objc; path = main.m; sourceTree = "<group>"; };
		7E43724C229FE66600FF7110 /* CTMediator+UUA.h */ = {isa = PBXFileReference; lastKnownFileType = sourcecode.c.h; path = "CTMediator+UUA.h"; sourceTree = "<group>"; };
		7E43724D229FE66600FF7110 /* CTMediator+UUA.m */ = {isa = PBXFileReference; lastKnownFileType = sourcecode.c.objc; path = "CTMediator+UUA.m"; sourceTree = "<group>"; };
		D70D5C6CCCB32E459872DFE5 /* Pods-UUA_Category.debug.xcconfig */ = {isa = PBXFileReference; includeInIndex = 1; lastKnownFileType = text.xcconfig; name = "Pods-UUA_Category.debug.xcconfig"; path = "Target Support Files/Pods-UUA_Category/Pods-UUA_Category.debug.xcconfig"; sourceTree = "<group>"; };
		E250A7ACB41496ACCBFEB48A /* Pods-UUA_Category.release.xcconfig */ = {isa = PBXFileReference; includeInIndex = 1; lastKnownFileType = text.xcconfig; name = "Pods-UUA_Category.release.xcconfig"; path = "Target Support Files/Pods-UUA_Category/Pods-UUA_Category.release.xcconfig"; sourceTree = "<group>"; };
		EFBA4B604083B8BD59F8ABAF /* Pods_UUA_Category.framework */ = {isa = PBXFileReference; explicitFileType = wrapper.framework; includeInIndex = 0; path = Pods_UUA_Category.framework; sourceTree = BUILT_PRODUCTS_DIR; };
/* End PBXFileReference section */

/* Begin PBXFrameworksBuildPhase section */
		7E43722C229FE0FA00FF7110 /* Frameworks */ = {
			isa = PBXFrameworksBuildPhase;
			buildActionMask = 2147483647;
			files = (
				9EE4283A5067B74A15FE064F /* Pods_UUA_Category.framework in Frameworks */,
			);
			runOnlyForDeploymentPostprocessing = 0;
		};
/* End PBXFrameworksBuildPhase section */

/* Begin PBXGroup section */
		36822A9372BB53C77F946F44 /* Frameworks */ = {
			isa = PBXGroup;
			children = (
				EFBA4B604083B8BD59F8ABAF /* Pods_UUA_Category.framework */,
			);
			name = Frameworks;
			sourceTree = "<group>";
		};
		7E437226229FE0FA00FF7110 = {
			isa = PBXGroup;
			children = (
				7E437231229FE0FA00FF7110 /* UUA_Category */,
				7E437230229FE0FA00FF7110 /* Products */,
				F686692209ADD0E8335B3CB4 /* Pods */,
				36822A9372BB53C77F946F44 /* Frameworks */,
			);
			sourceTree = "<group>";
		};
		7E437230229FE0FA00FF7110 /* Products */ = {
			isa = PBXGroup;
			children = (
				7E43722F229FE0FA00FF7110 /* UUA_Category.app */,
			);
			name = Products;
			sourceTree = "<group>";
		};
		7E437231229FE0FA00FF7110 /* UUA_Category */ = {
			isa = PBXGroup;
			children = (
				7E437248229FE59C00FF7110 /* UUA_Category */,
				7E437232229FE0FA00FF7110 /* AppDelegate.h */,
				7E437233229FE0FA00FF7110 /* AppDelegate.m */,
				7E437235229FE0FA00FF7110 /* ViewController.h */,
				7E437236229FE0FA00FF7110 /* ViewController.m */,
				7E437238229FE0FA00FF7110 /* Main.storyboard */,
				7E43723B229FE0FB00FF7110 /* Assets.xcassets */,
				7E43723D229FE0FB00FF7110 /* LaunchScreen.storyboard */,
				7E437240229FE0FB00FF7110 /* Info.plist */,
				7E437241229FE0FB00FF7110 /* main.m */,
			);
			path = UUA_Category;
			sourceTree = "<group>";
		};
		7E437248229FE59C00FF7110 /* UUA_Category */ = {
			isa = PBXGroup;
			children = (
				7E43724C229FE66600FF7110 /* CTMediator+UUA.h */,
				7E43724D229FE66600FF7110 /* CTMediator+UUA.m */,
			);
			path = UUA_Category;
			sourceTree = "<group>";
		};
		F686692209ADD0E8335B3CB4 /* Pods */ = {
			isa = PBXGroup;
			children = (
				D70D5C6CCCB32E459872DFE5 /* Pods-UUA_Category.debug.xcconfig */,
				E250A7ACB41496ACCBFEB48A /* Pods-UUA_Category.release.xcconfig */,
			);
			path = Pods;
			sourceTree = "<group>";
		};
/* End PBXGroup section */

/* Begin PBXNativeTarget section */
		7E43722E229FE0FA00FF7110 /* UUA_Category */ = {
			isa = PBXNativeTarget;
			buildConfigurationList = 7E437245229FE0FB00FF7110 /* Build configuration list for PBXNativeTarget "UUA_Category" */;
			buildPhases = (
				8DF8B92F5B1FE18C5F86163F /* [CP] Check Pods Manifest.lock */,
				7E43722B229FE0FA00FF7110 /* Sources */,
				7E43722C229FE0FA00FF7110 /* Frameworks */,
				7E43722D229FE0FA00FF7110 /* Resources */,
				BF0095392B8679B2A064B196 /* [CP] Embed Pods Frameworks */,
			);
			buildRules = (
			);
			dependencies = (
			);
			name = UUA_Category;
			productName = UUA_Category;
			productReference = 7E43722F229FE0FA00FF7110 /* UUA_Category.app */;
			productType = "com.apple.product-type.application";
		};
/* End PBXNativeTarget section */

/* Begin PBXProject section */
		7E437227229FE0FA00FF7110 /* Project object */ = {
			isa = PBXProject;
			attributes = {
				LastUpgradeCheck = 1020;
				ORGANIZATIONNAME = yumu;
				TargetAttributes = {
					7E43722E229FE0FA00FF7110 = {
						CreatedOnToolsVersion = 10.2.1;
					};
				};
			};
			buildConfigurationList = 7E43722A229FE0FA00FF7110 /* Build configuration list for PBXProject "UUA_Category" */;
			compatibilityVersion = "Xcode 9.3";
			developmentRegion = en;
			hasScannedForEncodings = 0;
			knownRegions = (
				en,
				Base,
			);
			mainGroup = 7E437226229FE0FA00FF7110;
			productRefGroup = 7E437230229FE0FA00FF7110 /* Products */;
			projectDirPath = "";
			projectRoot = "";
			targets = (
				7E43722E229FE0FA00FF7110 /* UUA_Category */,
			);
		};
/* End PBXProject section */

/* Begin PBXResourcesBuildPhase section */
		7E43722D229FE0FA00FF7110 /* Resources */ = {
			isa = PBXResourcesBuildPhase;
			buildActionMask = 2147483647;
			files = (
				7E43723F229FE0FB00FF7110 /* LaunchScreen.storyboard in Resources */,
				7E43723C229FE0FB00FF7110 /* Assets.xcassets in Resources */,
				7E43723A229FE0FA00FF7110 /* Main.storyboard in Resources */,
			);
			runOnlyForDeploymentPostprocessing = 0;
		};
/* End PBXResourcesBuildPhase section */

/* Begin PBXShellScriptBuildPhase section */
		8DF8B92F5B1FE18C5F86163F /* [CP] Check Pods Manifest.lock */ = {
			isa = PBXShellScriptBuildPhase;
			buildActionMask = 2147483647;
			files = (
			);
			inputFileListPaths = (
			);
			inputPaths = (
				"${PODS_PODFILE_DIR_PATH}/Podfile.lock",
				"${PODS_ROOT}/Manifest.lock",
			);
			name = "[CP] Check Pods Manifest.lock";
			outputFileListPaths = (
			);
			outputPaths = (
				"$(DERIVED_FILE_DIR)/Pods-UUA_Category-checkManifestLockResult.txt",
			);
			runOnlyForDeploymentPostprocessing = 0;
			shellPath = /bin/sh;
			shellScript = "diff \"${PODS_PODFILE_DIR_PATH}/Podfile.lock\" \"${PODS_ROOT}/Manifest.lock\" > /dev/null\nif [ $? != 0 ] ; then\n    # print error to STDERR\n    echo \"error: The sandbox is not in sync with the Podfile.lock. Run 'pod install' or update your CocoaPods installation.\" >&2\n    exit 1\nfi\n# This output is used by Xcode 'outputs' to avoid re-running this script phase.\necho \"SUCCESS\" > \"${SCRIPT_OUTPUT_FILE_0}\"\n";
			showEnvVarsInLog = 0;
		};
		BF0095392B8679B2A064B196 /* [CP] Embed Pods Frameworks */ = {
			isa = PBXShellScriptBuildPhase;
			buildActionMask = 2147483647;
			files = (
			);
			inputFileListPaths = (
			);
			inputPaths = (
				"${PODS_ROOT}/Target Support Files/Pods-UUA_Category/Pods-UUA_Category-frameworks.sh",
				"${BUILT_PRODUCTS_DIR}/CTMediator/CTMediator.framework",
			);
			name = "[CP] Embed Pods Frameworks";
			outputFileListPaths = (
			);
			outputPaths = (
				"${TARGET_BUILD_DIR}/${FRAMEWORKS_FOLDER_PATH}/CTMediator.framework",
			);
			runOnlyForDeploymentPostprocessing = 0;
			shellPath = /bin/sh;
			shellScript = "\"${PODS_ROOT}/Target Support Files/Pods-UUA_Category/Pods-UUA_Category-frameworks.sh\"\n";
			showEnvVarsInLog = 0;
		};
/* End PBXShellScriptBuildPhase section */

/* Begin PBXSourcesBuildPhase section */
		7E43722B229FE0FA00FF7110 /* Sources */ = {
			isa = PBXSourcesBuildPhase;
			buildActionMask = 2147483647;
			files = (
				7E437237229FE0FA00FF7110 /* ViewController.m in Sources */,
				7E43724E229FE66600FF7110 /* CTMediator+UUA.m in Sources */,
				7E437242229FE0FB00FF7110 /* main.m in Sources */,
				7E437234229FE0FA00FF7110 /* AppDelegate.m in Sources */,
			);
			runOnlyForDeploymentPostprocessing = 0;
		};
/* End PBXSourcesBuildPhase section */

/* Begin PBXVariantGroup section */
		7E437238229FE0FA00FF7110 /* Main.storyboard */ = {
			isa = PBXVariantGroup;
			children = (
				7E437239229FE0FA00FF7110 /* Base */,
			);
			name = Main.storyboard;
			sourceTree = "<group>";
		};
		7E43723D229FE0FB00FF7110 /* LaunchScreen.storyboard */ = {
			isa = PBXVariantGroup;
			children = (
				7E43723E229FE0FB00FF7110 /* Base */,
			);
			name = LaunchScreen.storyboard;
			sourceTree = "<group>";
		};
/* End PBXVariantGroup section */

/* Begin XCBuildConfiguration section */
		7E437243229FE0FB00FF7110 /* Debug */ = {
			isa = XCBuildConfiguration;
			buildSettings = {
				ALWAYS_SEARCH_USER_PATHS = NO;
				CLANG_ANALYZER_NONNULL = YES;
				CLANG_ANALYZER_NUMBER_OBJECT_CONVERSION = YES_AGGRESSIVE;
				CLANG_CXX_LANGUAGE_STANDARD = "gnu++14";
				CLANG_CXX_LIBRARY = "libc++";
				CLANG_ENABLE_MODULES = YES;
				CLANG_ENABLE_OBJC_ARC = YES;
				CLANG_ENABLE_OBJC_WEAK = YES;
				CLANG_WARN_BLOCK_CAPTURE_AUTORELEASING = YES;
				CLANG_WARN_BOOL_CONVERSION = YES;
				CLANG_WARN_COMMA = YES;
				CLANG_WARN_CONSTANT_CONVERSION = YES;
				CLANG_WARN_DEPRECATED_OBJC_IMPLEMENTATIONS = YES;
				CLANG_WARN_DIRECT_OBJC_ISA_USAGE = YES_ERROR;
				CLANG_WARN_DOCUMENTATION_COMMENTS = YES;
				CLANG_WARN_EMPTY_BODY = YES;
				CLANG_WARN_ENUM_CONVERSION = YES;
				CLANG_WARN_INFINITE_RECURSION = YES;
				CLANG_WARN_INT_CONVERSION = YES;
				CLANG_WARN_NON_LITERAL_NULL_CONVERSION = YES;
				CLANG_WARN_OBJC_IMPLICIT_RETAIN_SELF = YES;
				CLANG_WARN_OBJC_LITERAL_CONVERSION = YES;
				CLANG_WARN_OBJC_ROOT_CLASS = YES_ERROR;
				CLANG_WARN_RANGE_LOOP_ANALYSIS = YES;
				CLANG_WARN_STRICT_PROTOTYPES = YES;
				CLANG_WARN_SUSPICIOUS_MOVE = YES;
				CLANG_WARN_UNGUARDED_AVAILABILITY = YES_AGGRESSIVE;
				CLANG_WARN_UNREACHABLE_CODE = YES;
				CLANG_WARN__DUPLICATE_METHOD_MATCH = YES;
				CODE_SIGN_IDENTITY = "iPhone Developer";
				COPY_PHASE_STRIP = NO;
				DEBUG_INFORMATION_FORMAT = dwarf;
				ENABLE_STRICT_OBJC_MSGSEND = YES;
				ENABLE_TESTABILITY = YES;
				GCC_C_LANGUAGE_STANDARD = gnu11;
				GCC_DYNAMIC_NO_PIC = NO;
				GCC_NO_COMMON_BLOCKS = YES;
				GCC_OPTIMIZATION_LEVEL = 0;
				GCC_PREPROCESSOR_DEFINITIONS = (
					"DEBUG=1",
					"$(inherited)",
				);
				GCC_WARN_64_TO_32_BIT_CONVERSION = YES;
				GCC_WARN_ABOUT_RETURN_TYPE = YES_ERROR;
				GCC_WARN_UNDECLARED_SELECTOR = YES;
				GCC_WARN_UNINITIALIZED_AUTOS = YES_AGGRESSIVE;
				GCC_WARN_UNUSED_FUNCTION = YES;
				GCC_WARN_UNUSED_VARIABLE = YES;
				IPHONEOS_DEPLOYMENT_TARGET = 12.2;
				MTL_ENABLE_DEBUG_INFO = INCLUDE_SOURCE;
				MTL_FAST_MATH = YES;
				ONLY_ACTIVE_ARCH = YES;
				SDKROOT = iphoneos;
			};
			name = Debug;
		};
		7E437244229FE0FB00FF7110 /* Release */ = {
			isa = XCBuildConfiguration;
			buildSettings = {
				ALWAYS_SEARCH_USER_PATHS = NO;
				CLANG_ANALYZER_NONNULL = YES;
				CLANG_ANALYZER_NUMBER_OBJECT_CONVERSION = YES_AGGRESSIVE;
				CLANG_CXX_LANGUAGE_STANDARD = "gnu++14";
				CLANG_CXX_LIBRARY = "libc++";
				CLANG_ENABLE_MODULES = YES;
				CLANG_ENABLE_OBJC_ARC = YES;
				CLANG_ENABLE_OBJC_WEAK = YES;
				CLANG_WARN_BLOCK_CAPTURE_AUTORELEASING = YES;
				CLANG_WARN_BOOL_CONVERSION = YES;
				CLANG_WARN_COMMA = YES;
				CLANG_WARN_CONSTANT_CONVERSION = YES;
				CLANG_WARN_DEPRECATED_OBJC_IMPLEMENTATIONS = YES;
				CLANG_WARN_DIRECT_OBJC_ISA_USAGE = YES_ERROR;
				CLANG_WARN_DOCUMENTATION_COMMENTS = YES;
				CLANG_WARN_EMPTY_BODY = YES;
				CLANG_WARN_ENUM_CONVERSION = YES;
				CLANG_WARN_INFINITE_RECURSION = YES;
				CLANG_WARN_INT_CONVERSION = YES;
				CLANG_WARN_NON_LITERAL_NULL_CONVERSION = YES;
				CLANG_WARN_OBJC_IMPLICIT_RETAIN_SELF = YES;
				CLANG_WARN_OBJC_LITERAL_CONVERSION = YES;
				CLANG_WARN_OBJC_ROOT_CLASS = YES_ERROR;
				CLANG_WARN_RANGE_LOOP_ANALYSIS = YES;
				CLANG_WARN_STRICT_PROTOTYPES = YES;
				CLANG_WARN_SUSPICIOUS_MOVE = YES;
				CLANG_WARN_UNGUARDED_AVAILABILITY = YES_AGGRESSIVE;
				CLANG_WARN_UNREACHABLE_CODE = YES;
				CLANG_WARN__DUPLICATE_METHOD_MATCH = YES;
				CODE_SIGN_IDENTITY = "iPhone Developer";
				COPY_PHASE_STRIP = NO;
				DEBUG_INFORMATION_FORMAT = "dwarf-with-dsym";
				ENABLE_NS_ASSERTIONS = NO;
				ENABLE_STRICT_OBJC_MSGSEND = YES;
				GCC_C_LANGUAGE_STANDARD = gnu11;
				GCC_NO_COMMON_BLOCKS = YES;
				GCC_WARN_64_TO_32_BIT_CONVERSION = YES;
				GCC_WARN_ABOUT_RETURN_TYPE = YES_ERROR;
				GCC_WARN_UNDECLARED_SELECTOR = YES;
				GCC_WARN_UNINITIALIZED_AUTOS = YES_AGGRESSIVE;
				GCC_WARN_UNUSED_FUNCTION = YES;
				GCC_WARN_UNUSED_VARIABLE = YES;
				IPHONEOS_DEPLOYMENT_TARGET = 12.2;
				MTL_ENABLE_DEBUG_INFO = NO;
				MTL_FAST_MATH = YES;
				SDKROOT = iphoneos;
				VALIDATE_PRODUCT = YES;
			};
			name = Release;
		};
		7E437246229FE0FB00FF7110 /* Debug */ = {
			isa = XCBuildConfiguration;
			baseConfigurationReference = D70D5C6CCCB32E459872DFE5 /* Pods-UUA_Category.debug.xcconfig */;
			buildSettings = {
				ASSETCATALOG_COMPILER_APPICON_NAME = AppIcon;
				CODE_SIGN_STYLE = Automatic;
				DEVELOPMENT_TEAM = MV2A7JDCX2;
				INFOPLIST_FILE = UUA_Category/Info.plist;
				LD_RUNPATH_SEARCH_PATHS = (
					"$(inherited)",
					"@executable_path/Frameworks",
				);
				PRODUCT_BUNDLE_IDENTIFIER = "com.yumu.UUA-Category";
				PRODUCT_NAME = "$(TARGET_NAME)";
				TARGETED_DEVICE_FAMILY = "1,2";
			};
			name = Debug;
		};
		7E437247229FE0FB00FF7110 /* Release */ = {
			isa = XCBuildConfiguration;
			baseConfigurationReference = E250A7ACB41496ACCBFEB48A /* Pods-UUA_Category.release.xcconfig */;
			buildSettings = {
				ASSETCATALOG_COMPILER_APPICON_NAME = AppIcon;
				CODE_SIGN_STYLE = Automatic;
				DEVELOPMENT_TEAM = MV2A7JDCX2;
				INFOPLIST_FILE = UUA_Category/Info.plist;
				LD_RUNPATH_SEARCH_PATHS = (
					"$(inherited)",
					"@executable_path/Frameworks",
				);
				PRODUCT_BUNDLE_IDENTIFIER = "com.yumu.UUA-Category";
				PRODUCT_NAME = "$(TARGET_NAME)";
				TARGETED_DEVICE_FAMILY = "1,2";
			};
			name = Release;
		};
/* End XCBuildConfiguration section */

/* Begin XCConfigurationList section */
		7E43722A229FE0FA00FF7110 /* Build configuration list for PBXProject "UUA_Category" */ = {
			isa = XCConfigurationList;
			buildConfigurations = (
				7E437243229FE0FB00FF7110 /* Debug */,
				7E437244229FE0FB00FF7110 /* Release */,
			);
			defaultConfigurationIsVisible = 0;
			defaultConfigurationName = Release;
		};
		7E437245229FE0FB00FF7110 /* Build configuration list for PBXNativeTarget "UUA_Category" */ = {
			isa = XCConfigurationList;
			buildConfigurations = (
				7E437246229FE0FB00FF7110 /* Debug */,
				7E437247229FE0FB00FF7110 /* Release */,
			);
			defaultConfigurationIsVisible = 0;
			defaultConfigurationName = Release;
		};
/* End XCConfigurationList section */
	};
	rootObject = 7E437227229FE0FA00FF7110 /* Project object */;
}
